
Microsoft Visual Studio Solution File, Format Version 12.00
# Visual Studio Version 17
VisualStudioVersion = 17.2.32630.192
MinimumVisualStudioVersion = 10.0.40219.1
Project("{FAE04EC0-301F-11D3-BF4B-00C04F79EFBC}") = "sPlotter", "sPlotter\sPlotter.csproj", "{7271C4E7-FBBF-41A4-B01E-BA36B199C21F}"
EndProject
Global
	GlobalSection(SolutionConfigurationPlatforms) = preSolution
		Debug|Any CPU = Debug|Any CPU
		Release|Any CPU = Release|Any CPU
	EndGlobalSection
	GlobalSection(ProjectConfigurationPlatforms) = postSolution
		{7271C4E7-FBBF-41A4-B01E-BA36B199C21F}.Debug|Any CPU.ActiveCfg = Debug|Any CPU
		{7271C4E7-FBBF-41A4-B01E-BA36B199C21F}.Debug|Any CPU.Build.0 = Debug|Any CPU
		{7271C4E7-FBBF-41A4-B01E-BA36B199C21F}.Release|Any CPU.ActiveCfg = Release|Any CPU
		{7271C4E7-FBBF-41A4-B01E-BA36B199C21F}.Release|Any CPU.Build.0 = Release|Any CPU
	EndGlobalSection
	GlobalSection(SolutionProperties) = preSolution
		HideSolutionNode = FALSE
	EndGlobalSection
	GlobalSection(ExtensibilityGlobals) = postSolution
		SolutionGuid = {32C1C9BD-41C9-41F6-B3D2-F29BA1233EA8}
	EndGlobalSection
EndGlobal
